
Microsoft Visual Studio Solution File, Format Version 12.00
# Visual Studio Version 17
VisualStudioVersion = 17.6.33801.468
MinimumVisualStudioVersion = 10.0.40219.1
Project("{FAE04EC0-301F-11D3-BF4B-00C04F79EFBC}") = "Replica", "Replica.csproj", "{CFA4D06E-67DE-4F1C-A25F-7CD0DD3BFA05}"
EndProject
Project("{2150E333-8FDC-42A3-9474-1A3956D46DE8}") = "tests", "tests", "{0AB3BF05-4346-4AA6-1389-037BE0695223}"
EndProject
Project("{FAE04EC0-301F-11D3-BF4B-00C04F79EFBC}") = "Replica.UiSmokeTests", "tests\Replica.UiSmokeTests\Replica.UiSmokeTests.csproj", "{118EB05C-CD81-4DBD-BA40-3D7FE59ABE8B}"
EndProject
Project("{FAE04EC0-301F-11D3-BF4B-00C04F79EFBC}") = "Replica.VerifyTests", "tests\Replica.VerifyTests\Replica.VerifyTests.csproj", "{0B07026E-721C-43ED-8927-6B7E7157ACBF}"
EndProject
Global
	GlobalSection(SolutionConfigurationPlatforms) = preSolution
		Debug|Any CPU = Debug|Any CPU
		Debug|x64 = Debug|x64
		Debug|x86 = Debug|x86
		Release|Any CPU = Release|Any CPU
		Release|x64 = Release|x64
		Release|x86 = Release|x86
	EndGlobalSection
	GlobalSection(ProjectConfigurationPlatforms) = postSolution
		{CFA4D06E-67DE-4F1C-A25F-7CD0DD3BFA05}.Debug|Any CPU.ActiveCfg = Debug|Any CPU
		{CFA4D06E-67DE-4F1C-A25F-7CD0DD3BFA05}.Debug|Any CPU.Build.0 = Debug|Any CPU
		{CFA4D06E-67DE-4F1C-A25F-7CD0DD3BFA05}.Debug|x64.ActiveCfg = Debug|Any CPU
		{CFA4D06E-67DE-4F1C-A25F-7CD0DD3BFA05}.Debug|x64.Build.0 = Debug|Any CPU
		{CFA4D06E-67DE-4F1C-A25F-7CD0DD3BFA05}.Debug|x86.ActiveCfg = Debug|Any CPU
		{CFA4D06E-67DE-4F1C-A25F-7CD0DD3BFA05}.Debug|x86.Build.0 = Debug|Any CPU
		{CFA4D06E-67DE-4F1C-A25F-7CD0DD3BFA05}.Release|Any CPU.ActiveCfg = Release|Any CPU
		{CFA4D06E-67DE-4F1C-A25F-7CD0DD3BFA05}.Release|Any CPU.Build.0 = Release|Any CPU
		{CFA4D06E-67DE-4F1C-A25F-7CD0DD3BFA05}.Release|x64.ActiveCfg = Release|Any CPU
		{CFA4D06E-67DE-4F1C-A25F-7CD0DD3BFA05}.Release|x64.Build.0 = Release|Any CPU
		{CFA4D06E-67DE-4F1C-A25F-7CD0DD3BFA05}.Release|x86.ActiveCfg = Release|Any CPU
		{CFA4D06E-67DE-4F1C-A25F-7CD0DD3BFA05}.Release|x86.Build.0 = Release|Any CPU
		{118EB05C-CD81-4DBD-BA40-3D7FE59ABE8B}.Debug|Any CPU.ActiveCfg = Debug|Any CPU
		{118EB05C-CD81-4DBD-BA40-3D7FE59ABE8B}.Debug|Any CPU.Build.0 = Debug|Any CPU
		{118EB05C-CD81-4DBD-BA40-3D7FE59ABE8B}.Debug|x64.ActiveCfg = Debug|Any CPU
		{118EB05C-CD81-4DBD-BA40-3D7FE59ABE8B}.Debug|x64.Build.0 = Debug|Any CPU
		{118EB05C-CD81-4DBD-BA40-3D7FE59ABE8B}.Debug|x86.ActiveCfg = Debug|Any CPU
		{118EB05C-CD81-4DBD-BA40-3D7FE59ABE8B}.Debug|x86.Build.0 = Debug|Any CPU
		{118EB05C-CD81-4DBD-BA40-3D7FE59ABE8B}.Release|Any CPU.ActiveCfg = Release|Any CPU
		{118EB05C-CD81-4DBD-BA40-3D7FE59ABE8B}.Release|Any CPU.Build.0 = Release|Any CPU
		{118EB05C-CD81-4DBD-BA40-3D7FE59ABE8B}.Release|x64.ActiveCfg = Release|Any CPU
		{118EB05C-CD81-4DBD-BA40-3D7FE59ABE8B}.Release|x64.Build.0 = Release|Any CPU
		{118EB05C-CD81-4DBD-BA40-3D7FE59ABE8B}.Release|x86.ActiveCfg = Release|Any CPU
		{118EB05C-CD81-4DBD-BA40-3D7FE59ABE8B}.Release|x86.Build.0 = Release|Any CPU
		{0B07026E-721C-43ED-8927-6B7E7157ACBF}.Debug|Any CPU.ActiveCfg = Debug|Any CPU
		{0B07026E-721C-43ED-8927-6B7E7157ACBF}.Debug|Any CPU.Build.0 = Debug|Any CPU
		{0B07026E-721C-43ED-8927-6B7E7157ACBF}.Debug|x64.ActiveCfg = Debug|Any CPU
		{0B07026E-721C-43ED-8927-6B7E7157ACBF}.Debug|x64.Build.0 = Debug|Any CPU
		{0B07026E-721C-43ED-8927-6B7E7157ACBF}.Debug|x86.ActiveCfg = Debug|Any CPU
		{0B07026E-721C-43ED-8927-6B7E7157ACBF}.Debug|x86.Build.0 = Debug|Any CPU
		{0B07026E-721C-43ED-8927-6B7E7157ACBF}.Release|Any CPU.ActiveCfg = Release|Any CPU
		{0B07026E-721C-43ED-8927-6B7E7157ACBF}.Release|Any CPU.Build.0 = Release|Any CPU
		{0B07026E-721C-43ED-8927-6B7E7157ACBF}.Release|x64.ActiveCfg = Release|Any CPU
		{0B07026E-721C-43ED-8927-6B7E7157ACBF}.Release|x64.Build.0 = Release|Any CPU
		{0B07026E-721C-43ED-8927-6B7E7157ACBF}.Release|x86.ActiveCfg = Release|Any CPU
		{0B07026E-721C-43ED-8927-6B7E7157ACBF}.Release|x86.Build.0 = Release|Any CPU
	EndGlobalSection
	GlobalSection(SolutionProperties) = preSolution
		HideSolutionNode = FALSE
	EndGlobalSection
	GlobalSection(NestedProjects) = preSolution
		{118EB05C-CD81-4DBD-BA40-3D7FE59ABE8B} = {0AB3BF05-4346-4AA6-1389-037BE0695223}
		{0B07026E-721C-43ED-8927-6B7E7157ACBF} = {0AB3BF05-4346-4AA6-1389-037BE0695223}
	EndGlobalSection
	GlobalSection(ExtensibilityGlobals) = postSolution
		SolutionGuid = {D3D2B128-AFCB-45FF-A287-389A7AA513C0}
	EndGlobalSection
EndGlobal
